// !$*UTF8*$!
{
	archiveVersion = 1;
	classes = {
	};
	objectVersion = 55;
	objects = {

/* Begin PBXBuildFile section */
		DFE59BE2293BDAA2007E5627 /* AppDelegate.swift in Sources */ = {isa = PBXBuildFile; fileRef = DFE59BE1293BDAA2007E5627 /* AppDelegate.swift */; };
		DFE59BE4293BDAA2007E5627 /* SceneDelegate.swift in Sources */ = {isa = PBXBuildFile; fileRef = DFE59BE3293BDAA2007E5627 /* SceneDelegate.swift */; };
		DFE59BE6293BDAA2007E5627 /* CarListViewController.swift in Sources */ = {isa = PBXBuildFile; fileRef = DFE59BE5293BDAA2007E5627 /* CarListViewController.swift */; };
		DFE59BEB293BDAA4007E5627 /* Assets.xcassets in Resources */ = {isa = PBXBuildFile; fileRef = DFE59BEA293BDAA4007E5627 /* Assets.xcassets */; };
		DFE59BEE293BDAA4007E5627 /* LaunchScreen.storyboard in Resources */ = {isa = PBXBuildFile; fileRef = DFE59BEC293BDAA4007E5627 /* LaunchScreen.storyboard */; };
		DFE59BF9293BDAA4007E5627 /* GuidomiaTests.swift in Sources */ = {isa = PBXBuildFile; fileRef = DFE59BF8293BDAA4007E5627 /* GuidomiaTests.swift */; };
		DFE59C03293BDAA4007E5627 /* GuidomiaUITests.swift in Sources */ = {isa = PBXBuildFile; fileRef = DFE59C02293BDAA4007E5627 /* GuidomiaUITests.swift */; };
		DFE59C05293BDAA4007E5627 /* GuidomiaUITestsLaunchTests.swift in Sources */ = {isa = PBXBuildFile; fileRef = DFE59C04293BDAA4007E5627 /* GuidomiaUITestsLaunchTests.swift */; };
		DFE59C12293BDB22007E5627 /* Car_list.json in Resources */ = {isa = PBXBuildFile; fileRef = DFE59C11293BDB22007E5627 /* Car_list.json */; };
		DFE59C15293BE011007E5627 /* Constants.swift in Sources */ = {isa = PBXBuildFile; fileRef = DFE59C14293BE011007E5627 /* Constants.swift */; };
		DFE59C17293C16CD007E5627 /* TableHeaderView.swift in Sources */ = {isa = PBXBuildFile; fileRef = DFE59C16293C16CD007E5627 /* TableHeaderView.swift */; };
		DFE59C19293C28F0007E5627 /* NavigationHelper.swift in Sources */ = {isa = PBXBuildFile; fileRef = DFE59C18293C28F0007E5627 /* NavigationHelper.swift */; };
		DFE59C1E293C3F99007E5627 /* CarDetailTableViewCell.swift in Sources */ = {isa = PBXBuildFile; fileRef = DFE59C1D293C3F99007E5627 /* CarDetailTableViewCell.swift */; };
		DFE59C20293CE834007E5627 /* ExpandDetailView.swift in Sources */ = {isa = PBXBuildFile; fileRef = DFE59C1F293CE834007E5627 /* ExpandDetailView.swift */; };
		DFE59C22293CF168007E5627 /* SeparatorView.swift in Sources */ = {isa = PBXBuildFile; fileRef = DFE59C21293CF168007E5627 /* SeparatorView.swift */; };
		DFE59C26293D08A6007E5627 /* Cars.swift in Sources */ = {isa = PBXBuildFile; fileRef = DFE59C25293D08A6007E5627 /* Cars.swift */; };
		DFE59C29293D1582007E5627 /* CarViewModel.swift in Sources */ = {isa = PBXBuildFile; fileRef = DFE59C28293D1582007E5627 /* CarViewModel.swift */; };
/* End PBXBuildFile section */

/* Begin PBXContainerItemProxy section */
		DFE59BF5293BDAA4007E5627 /* PBXContainerItemProxy */ = {
			isa = PBXContainerItemProxy;
			containerPortal = DFE59BD6293BDAA2007E5627 /* Project object */;
			proxyType = 1;
			remoteGlobalIDString = DFE59BDD293BDAA2007E5627;
			remoteInfo = Guidomia;
		};
		DFE59BFF293BDAA4007E5627 /* PBXContainerItemProxy */ = {
			isa = PBXContainerItemProxy;
			containerPortal = DFE59BD6293BDAA2007E5627 /* Project object */;
			proxyType = 1;
			remoteGlobalIDString = DFE59BDD293BDAA2007E5627;
			remoteInfo = Guidomia;
		};
/* End PBXContainerItemProxy section */

/* Begin PBXFileReference section */
		DFE59BDE293BDAA2007E5627 /* Guidomia.app */ = {isa = PBXFileReference; explicitFileType = wrapper.application; includeInIndex = 0; path = Guidomia.app; sourceTree = BUILT_PRODUCTS_DIR; };
		DFE59BE1293BDAA2007E5627 /* AppDelegate.swift */ = {isa = PBXFileReference; lastKnownFileType = sourcecode.swift; path = AppDelegate.swift; sourceTree = "<group>"; };
		DFE59BE3293BDAA2007E5627 /* SceneDelegate.swift */ = {isa = PBXFileReference; lastKnownFileType = sourcecode.swift; path = SceneDelegate.swift; sourceTree = "<group>"; };
		DFE59BE5293BDAA2007E5627 /* CarListViewController.swift */ = {isa = PBXFileReference; lastKnownFileType = sourcecode.swift; path = CarListViewController.swift; sourceTree = "<group>"; };
		DFE59BEA293BDAA4007E5627 /* Assets.xcassets */ = {isa = PBXFileReference; lastKnownFileType = folder.assetcatalog; path = Assets.xcassets; sourceTree = "<group>"; };
		DFE59BED293BDAA4007E5627 /* Base */ = {isa = PBXFileReference; lastKnownFileType = file.storyboard; name = Base; path = Base.lproj/LaunchScreen.storyboard; sourceTree = "<group>"; };
		DFE59BEF293BDAA4007E5627 /* Info.plist */ = {isa = PBXFileReference; lastKnownFileType = text.plist.xml; path = Info.plist; sourceTree = "<group>"; };
		DFE59BF4293BDAA4007E5627 /* GuidomiaTests.xctest */ = {isa = PBXFileReference; explicitFileType = wrapper.cfbundle; includeInIndex = 0; path = GuidomiaTests.xctest; sourceTree = BUILT_PRODUCTS_DIR; };
		DFE59BF8293BDAA4007E5627 /* GuidomiaTests.swift */ = {isa = PBXFileReference; lastKnownFileType = sourcecode.swift; path = GuidomiaTests.swift; sourceTree = "<group>"; };
		DFE59BFE293BDAA4007E5627 /* GuidomiaUITests.xctest */ = {isa = PBXFileReference; explicitFileType = wrapper.cfbundle; includeInIndex = 0; path = GuidomiaUITests.xctest; sourceTree = BUILT_PRODUCTS_DIR; };
		DFE59C02293BDAA4007E5627 /* GuidomiaUITests.swift */ = {isa = PBXFileReference; lastKnownFileType = sourcecode.swift; path = GuidomiaUITests.swift; sourceTree = "<group>"; };
		DFE59C04293BDAA4007E5627 /* GuidomiaUITestsLaunchTests.swift */ = {isa = PBXFileReference; lastKnownFileType = sourcecode.swift; path = GuidomiaUITestsLaunchTests.swift; sourceTree = "<group>"; };
		DFE59C11293BDB22007E5627 /* Car_list.json */ = {isa = PBXFileReference; lastKnownFileType = text.json; path = Car_list.json; sourceTree = "<group>"; };
		DFE59C14293BE011007E5627 /* Constants.swift */ = {isa = PBXFileReference; lastKnownFileType = sourcecode.swift; path = Constants.swift; sourceTree = "<group>"; };
		DFE59C16293C16CD007E5627 /* TableHeaderView.swift */ = {isa = PBXFileReference; lastKnownFileType = sourcecode.swift; path = TableHeaderView.swift; sourceTree = "<group>"; };
		DFE59C18293C28F0007E5627 /* NavigationHelper.swift */ = {isa = PBXFileReference; lastKnownFileType = sourcecode.swift; path = NavigationHelper.swift; sourceTree = "<group>"; };
		DFE59C1D293C3F99007E5627 /* CarDetailTableViewCell.swift */ = {isa = PBXFileReference; lastKnownFileType = sourcecode.swift; path = CarDetailTableViewCell.swift; sourceTree = "<group>"; };
		DFE59C1F293CE834007E5627 /* ExpandDetailView.swift */ = {isa = PBXFileReference; lastKnownFileType = sourcecode.swift; path = ExpandDetailView.swift; sourceTree = "<group>"; };
		DFE59C21293CF168007E5627 /* SeparatorView.swift */ = {isa = PBXFileReference; lastKnownFileType = sourcecode.swift; path = SeparatorView.swift; sourceTree = "<group>"; };
		DFE59C25293D08A6007E5627 /* Cars.swift */ = {isa = PBXFileReference; lastKnownFileType = sourcecode.swift; path = Cars.swift; sourceTree = "<group>"; };
		DFE59C28293D1582007E5627 /* CarViewModel.swift */ = {isa = PBXFileReference; lastKnownFileType = sourcecode.swift; path = CarViewModel.swift; sourceTree = "<group>"; };
/* End PBXFileReference section */

/* Begin PBXFrameworksBuildPhase section */
		DFE59BDB293BDAA2007E5627 /* Frameworks */ = {
			isa = PBXFrameworksBuildPhase;
			buildActionMask = 2147483647;
			files = (
			);
			runOnlyForDeploymentPostprocessing = 0;
		};
		DFE59BF1293BDAA4007E5627 /* Frameworks */ = {
			isa = PBXFrameworksBuildPhase;
			buildActionMask = 2147483647;
			files = (
			);
			runOnlyForDeploymentPostprocessing = 0;
		};
		DFE59BFB293BDAA4007E5627 /* Frameworks */ = {
			isa = PBXFrameworksBuildPhase;
			buildActionMask = 2147483647;
			files = (
			);
			runOnlyForDeploymentPostprocessing = 0;
		};
/* End PBXFrameworksBuildPhase section */

/* Begin PBXGroup section */
		DFE59BD5293BDAA2007E5627 = {
			isa = PBXGroup;
			children = (
				DFE59BE0293BDAA2007E5627 /* Guidomia */,
				DFE59BF7293BDAA4007E5627 /* GuidomiaTests */,
				DFE59C01293BDAA4007E5627 /* GuidomiaUITests */,
				DFE59BDF293BDAA2007E5627 /* Products */,
			);
			sourceTree = "<group>";
		};
		DFE59BDF293BDAA2007E5627 /* Products */ = {
			isa = PBXGroup;
			children = (
				DFE59BDE293BDAA2007E5627 /* Guidomia.app */,
				DFE59BF4293BDAA4007E5627 /* GuidomiaTests.xctest */,
				DFE59BFE293BDAA4007E5627 /* GuidomiaUITests.xctest */,
			);
			name = Products;
			sourceTree = "<group>";
		};
		DFE59BE0293BDAA2007E5627 /* Guidomia */ = {
			isa = PBXGroup;
			children = (
				DFE59C27293D1572007E5627 /* ViewModel */,
				DFE59C13293BDCAC007E5627 /* Resources */,
				DFE59C24293D0889007E5627 /* Models */,
				DFE59C1A293C2DE2007E5627 /* Views */,
				DFE59C23293D072C007E5627 /* ViewController */,
				DFE59BE1293BDAA2007E5627 /* AppDelegate.swift */,
				DFE59BE3293BDAA2007E5627 /* SceneDelegate.swift */,
				DFE59C18293C28F0007E5627 /* NavigationHelper.swift */,
				DFE59BEC293BDAA4007E5627 /* LaunchScreen.storyboard */,
				DFE59BEF293BDAA4007E5627 /* Info.plist */,
			);
			path = Guidomia;
			sourceTree = "<group>";
		};
		DFE59BF7293BDAA4007E5627 /* GuidomiaTests */ = {
			isa = PBXGroup;
			children = (
				DFE59BF8293BDAA4007E5627 /* GuidomiaTests.swift */,
			);
			path = GuidomiaTests;
			sourceTree = "<group>";
		};
		DFE59C01293BDAA4007E5627 /* GuidomiaUITests */ = {
			isa = PBXGroup;
			children = (
				DFE59C02293BDAA4007E5627 /* GuidomiaUITests.swift */,
				DFE59C04293BDAA4007E5627 /* GuidomiaUITestsLaunchTests.swift */,
			);
			path = GuidomiaUITests;
			sourceTree = "<group>";
		};
		DFE59C13293BDCAC007E5627 /* Resources */ = {
			isa = PBXGroup;
			children = (
				DFE59C11293BDB22007E5627 /* Car_list.json */,
				DFE59BEA293BDAA4007E5627 /* Assets.xcassets */,
				DFE59C14293BE011007E5627 /* Constants.swift */,
			);
			path = Resources;
			sourceTree = "<group>";
		};
		DFE59C1A293C2DE2007E5627 /* Views */ = {
			isa = PBXGroup;
			children = (
				DFE59C16293C16CD007E5627 /* TableHeaderView.swift */,
				DFE59C1D293C3F99007E5627 /* CarDetailTableViewCell.swift */,
				DFE59C1F293CE834007E5627 /* ExpandDetailView.swift */,
				DFE59C21293CF168007E5627 /* SeparatorView.swift */,
			);
			path = Views;
			sourceTree = "<group>";
		};
		DFE59C23293D072C007E5627 /* ViewController */ = {
			isa = PBXGroup;
			children = (
				DFE59BE5293BDAA2007E5627 /* CarListViewController.swift */,
			);
			path = ViewController;
			sourceTree = "<group>";
		};
		DFE59C24293D0889007E5627 /* Models */ = {
			isa = PBXGroup;
			children = (
				DFE59C25293D08A6007E5627 /* Cars.swift */,
			);
			path = Models;
			sourceTree = "<group>";
		};
		DFE59C27293D1572007E5627 /* ViewModel */ = {
			isa = PBXGroup;
			children = (
				DFE59C28293D1582007E5627 /* CarViewModel.swift */,
			);
			path = ViewModel;
			sourceTree = "<group>";
		};
/* End PBXGroup section */

/* Begin PBXNativeTarget section */
		DFE59BDD293BDAA2007E5627 /* Guidomia */ = {
			isa = PBXNativeTarget;
			buildConfigurationList = DFE59C08293BDAA4007E5627 /* Build configuration list for PBXNativeTarget "Guidomia" */;
			buildPhases = (
				DFE59BDA293BDAA2007E5627 /* Sources */,
				DFE59BDB293BDAA2007E5627 /* Frameworks */,
				DFE59BDC293BDAA2007E5627 /* Resources */,
			);
			buildRules = (
			);
			dependencies = (
			);
			name = Guidomia;
			productName = Guidomia;
			productReference = DFE59BDE293BDAA2007E5627 /* Guidomia.app */;
			productType = "com.apple.product-type.application";
		};
		DFE59BF3293BDAA4007E5627 /* GuidomiaTests */ = {
			isa = PBXNativeTarget;
			buildConfigurationList = DFE59C0B293BDAA4007E5627 /* Build configuration list for PBXNativeTarget "GuidomiaTests" */;
			buildPhases = (
				DFE59BF0293BDAA4007E5627 /* Sources */,
				DFE59BF1293BDAA4007E5627 /* Frameworks */,
				DFE59BF2293BDAA4007E5627 /* Resources */,
			);
			buildRules = (
			);
			dependencies = (
				DFE59BF6293BDAA4007E5627 /* PBXTargetDependency */,
			);
			name = GuidomiaTests;
			productName = GuidomiaTests;
			productReference = DFE59BF4293BDAA4007E5627 /* GuidomiaTests.xctest */;
			productType = "com.apple.product-type.bundle.unit-test";
		};
		DFE59BFD293BDAA4007E5627 /* GuidomiaUITests */ = {
			isa = PBXNativeTarget;
			buildConfigurationList = DFE59C0E293BDAA4007E5627 /* Build configuration list for PBXNativeTarget "GuidomiaUITests" */;
			buildPhases = (
				DFE59BFA293BDAA4007E5627 /* Sources */,
				DFE59BFB293BDAA4007E5627 /* Frameworks */,
				DFE59BFC293BDAA4007E5627 /* Resources */,
			);
			buildRules = (
			);
			dependencies = (
				DFE59C00293BDAA4007E5627 /* PBXTargetDependency */,
			);
			name = GuidomiaUITests;
			productName = GuidomiaUITests;
			productReference = DFE59BFE293BDAA4007E5627 /* GuidomiaUITests.xctest */;
			productType = "com.apple.product-type.bundle.ui-testing";
		};
/* End PBXNativeTarget section */

/* Begin PBXProject section */
		DFE59BD6293BDAA2007E5627 /* Project object */ = {
			isa = PBXProject;
			attributes = {
				BuildIndependentTargetsInParallel = 1;
				LastSwiftUpdateCheck = 1340;
				LastUpgradeCheck = 1340;
				TargetAttributes = {
					DFE59BDD293BDAA2007E5627 = {
						CreatedOnToolsVersion = 13.4.1;
					};
					DFE59BF3293BDAA4007E5627 = {
						CreatedOnToolsVersion = 13.4.1;
						TestTargetID = DFE59BDD293BDAA2007E5627;
					};
					DFE59BFD293BDAA4007E5627 = {
						CreatedOnToolsVersion = 13.4.1;
						TestTargetID = DFE59BDD293BDAA2007E5627;
					};
				};
			};
			buildConfigurationList = DFE59BD9293BDAA2007E5627 /* Build configuration list for PBXProject "Guidomia" */;
			compatibilityVersion = "Xcode 13.0";
			developmentRegion = en;
			hasScannedForEncodings = 0;
			knownRegions = (
				en,
				Base,
			);
			mainGroup = DFE59BD5293BDAA2007E5627;
			productRefGroup = DFE59BDF293BDAA2007E5627 /* Products */;
			projectDirPath = "";
			projectRoot = "";
			targets = (
				DFE59BDD293BDAA2007E5627 /* Guidomia */,
				DFE59BF3293BDAA4007E5627 /* GuidomiaTests */,
				DFE59BFD293BDAA4007E5627 /* GuidomiaUITests */,
			);
		};
/* End PBXProject section */

/* Begin PBXResourcesBuildPhase section */
		DFE59BDC293BDAA2007E5627 /* Resources */ = {
			isa = PBXResourcesBuildPhase;
			buildActionMask = 2147483647;
			files = (
				DFE59BEE293BDAA4007E5627 /* LaunchScreen.storyboard in Resources */,
				DFE59BEB293BDAA4007E5627 /* Assets.xcassets in Resources */,
				DFE59C12293BDB22007E5627 /* Car_list.json in Resources */,
			);
			runOnlyForDeploymentPostprocessing = 0;
		};
		DFE59BF2293BDAA4007E5627 /* Resources */ = {
			isa = PBXResourcesBuildPhase;
			buildActionMask = 2147483647;
			files = (
			);
			runOnlyForDeploymentPostprocessing = 0;
		};
		DFE59BFC293BDAA4007E5627 /* Resources */ = {
			isa = PBXResourcesBuildPhase;
			buildActionMask = 2147483647;
			files = (
			);
			runOnlyForDeploymentPostprocessing = 0;
		};
/* End PBXResourcesBuildPhase section */

/* Begin PBXSourcesBuildPhase section */
		DFE59BDA293BDAA2007E5627 /* Sources */ = {
			isa = PBXSourcesBuildPhase;
			buildActionMask = 2147483647;
			files = (
				DFE59C22293CF168007E5627 /* SeparatorView.swift in Sources */,
				DFE59C1E293C3F99007E5627 /* CarDetailTableViewCell.swift in Sources */,
				DFE59C26293D08A6007E5627 /* Cars.swift in Sources */,
				DFE59C29293D1582007E5627 /* CarViewModel.swift in Sources */,
				DFE59C17293C16CD007E5627 /* TableHeaderView.swift in Sources */,
				DFE59C19293C28F0007E5627 /* NavigationHelper.swift in Sources */,
				DFE59BE6293BDAA2007E5627 /* CarListViewController.swift in Sources */,
				DFE59BE2293BDAA2007E5627 /* AppDelegate.swift in Sources */,
				DFE59BE4293BDAA2007E5627 /* SceneDelegate.swift in Sources */,
				DFE59C15293BE011007E5627 /* Constants.swift in Sources */,
				DFE59C20293CE834007E5627 /* ExpandDetailView.swift in Sources */,
			);
			runOnlyForDeploymentPostprocessing = 0;
		};
		DFE59BF0293BDAA4007E5627 /* Sources */ = {
			isa = PBXSourcesBuildPhase;
			buildActionMask = 2147483647;
			files = (
				DFE59BF9293BDAA4007E5627 /* GuidomiaTests.swift in Sources */,
			);
			runOnlyForDeploymentPostprocessing = 0;
		};
		DFE59BFA293BDAA4007E5627 /* Sources */ = {
			isa = PBXSourcesBuildPhase;
			buildActionMask = 2147483647;
			files = (
				DFE59C05293BDAA4007E5627 /* GuidomiaUITestsLaunchTests.swift in Sources */,
				DFE59C03293BDAA4007E5627 /* GuidomiaUITests.swift in Sources */,
			);
			runOnlyForDeploymentPostprocessing = 0;
		};
/* End PBXSourcesBuildPhase section */

/* Begin PBXTargetDependency section */
		DFE59BF6293BDAA4007E5627 /* PBXTargetDependency */ = {
			isa = PBXTargetDependency;
			target = DFE59BDD293BDAA2007E5627 /* Guidomia */;
			targetProxy = DFE59BF5293BDAA4007E5627 /* PBXContainerItemProxy */;
		};
		DFE59C00293BDAA4007E5627 /* PBXTargetDependency */ = {
			isa = PBXTargetDependency;
			target = DFE59BDD293BDAA2007E5627 /* Guidomia */;
			targetProxy = DFE59BFF293BDAA4007E5627 /* PBXContainerItemProxy */;
		};
/* End PBXTargetDependency section */

/* Begin PBXVariantGroup section */
		DFE59BEC293BDAA4007E5627 /* LaunchScreen.storyboard */ = {
			isa = PBXVariantGroup;
			children = (
				DFE59BED293BDAA4007E5627 /* Base */,
			);
			name = LaunchScreen.storyboard;
			sourceTree = "<group>";
		};
/* End PBXVariantGroup section */

/* Begin XCBuildConfiguration section */
		DFE59C06293BDAA4007E5627 /* Debug */ = {
			isa = XCBuildConfiguration;
			buildSettings = {
				ALWAYS_SEARCH_USER_PATHS = NO;
				CLANG_ANALYZER_NONNULL = YES;
				CLANG_ANALYZER_NUMBER_OBJECT_CONVERSION = YES_AGGRESSIVE;
				CLANG_CXX_LANGUAGE_STANDARD = "gnu++17";
				CLANG_ENABLE_MODULES = YES;
				CLANG_ENABLE_OBJC_ARC = YES;
				CLANG_ENABLE_OBJC_WEAK = YES;
				CLANG_WARN_BLOCK_CAPTURE_AUTORELEASING = YES;
				CLANG_WARN_BOOL_CONVERSION = YES;
				CLANG_WARN_COMMA = YES;
				CLANG_WARN_CONSTANT_CONVERSION = YES;
				CLANG_WARN_DEPRECATED_OBJC_IMPLEMENTATIONS = YES;
				CLANG_WARN_DIRECT_OBJC_ISA_USAGE = YES_ERROR;
				CLANG_WARN_DOCUMENTATION_COMMENTS = YES;
				CLANG_WARN_EMPTY_BODY = YES;
				CLANG_WARN_ENUM_CONVERSION = YES;
				CLANG_WARN_INFINITE_RECURSION = YES;
				CLANG_WARN_INT_CONVERSION = YES;
				CLANG_WARN_NON_LITERAL_NULL_CONVERSION = YES;
				CLANG_WARN_OBJC_IMPLICIT_RETAIN_SELF = YES;
				CLANG_WARN_OBJC_LITERAL_CONVERSION = YES;
				CLANG_WARN_OBJC_ROOT_CLASS = YES_ERROR;
				CLANG_WARN_QUOTED_INCLUDE_IN_FRAMEWORK_HEADER = YES;
				CLANG_WARN_RANGE_LOOP_ANALYSIS = YES;
				CLANG_WARN_STRICT_PROTOTYPES = YES;
				CLANG_WARN_SUSPICIOUS_MOVE = YES;
				CLANG_WARN_UNGUARDED_AVAILABILITY = YES_AGGRESSIVE;
				CLANG_WARN_UNREACHABLE_CODE = YES;
				CLANG_WARN__DUPLICATE_METHOD_MATCH = YES;
				COPY_PHASE_STRIP = NO;
				DEBUG_INFORMATION_FORMAT = dwarf;
				ENABLE_STRICT_OBJC_MSGSEND = YES;
				ENABLE_TESTABILITY = YES;
				GCC_C_LANGUAGE_STANDARD = gnu11;
				GCC_DYNAMIC_NO_PIC = NO;
				GCC_NO_COMMON_BLOCKS = YES;
				GCC_OPTIMIZATION_LEVEL = 0;
				GCC_PREPROCESSOR_DEFINITIONS = (
					"DEBUG=1",
					"$(inherited)",
				);
				GCC_WARN_64_TO_32_BIT_CONVERSION = YES;
				GCC_WARN_ABOUT_RETURN_TYPE = YES_ERROR;
				GCC_WARN_UNDECLARED_SELECTOR = YES;
				GCC_WARN_UNINITIALIZED_AUTOS = YES_AGGRESSIVE;
				GCC_WARN_UNUSED_FUNCTION = YES;
				GCC_WARN_UNUSED_VARIABLE = YES;
				IPHONEOS_DEPLOYMENT_TARGET = 15.5;
				MTL_ENABLE_DEBUG_INFO = INCLUDE_SOURCE;
				MTL_FAST_MATH = YES;
				ONLY_ACTIVE_ARCH = YES;
				SDKROOT = iphoneos;
				SWIFT_ACTIVE_COMPILATION_CONDITIONS = DEBUG;
				SWIFT_OPTIMIZATION_LEVEL = "-Onone";
			};
			name = Debug;
		};
		DFE59C07293BDAA4007E5627 /* Release */ = {
			isa = XCBuildConfiguration;
			buildSettings = {
				ALWAYS_SEARCH_USER_PATHS = NO;
				CLANG_ANALYZER_NONNULL = YES;
				CLANG_ANALYZER_NUMBER_OBJECT_CONVERSION = YES_AGGRESSIVE;
				CLANG_CXX_LANGUAGE_STANDARD = "gnu++17";
				CLANG_ENABLE_MODULES = YES;
				CLANG_ENABLE_OBJC_ARC = YES;
				CLANG_ENABLE_OBJC_WEAK = YES;
				CLANG_WARN_BLOCK_CAPTURE_AUTORELEASING = YES;
				CLANG_WARN_BOOL_CONVERSION = YES;
				CLANG_WARN_COMMA = YES;
				CLANG_WARN_CONSTANT_CONVERSION = YES;
				CLANG_WARN_DEPRECATED_OBJC_IMPLEMENTATIONS = YES;
				CLANG_WARN_DIRECT_OBJC_ISA_USAGE = YES_ERROR;
				CLANG_WARN_DOCUMENTATION_COMMENTS = YES;
				CLANG_WARN_EMPTY_BODY = YES;
				CLANG_WARN_ENUM_CONVERSION = YES;
				CLANG_WARN_INFINITE_RECURSION = YES;
				CLANG_WARN_INT_CONVERSION = YES;
				CLANG_WARN_NON_LITERAL_NULL_CONVERSION = YES;
				CLANG_WARN_OBJC_IMPLICIT_RETAIN_SELF = YES;
				CLANG_WARN_OBJC_LITERAL_CONVERSION = YES;
				CLANG_WARN_OBJC_ROOT_CLASS = YES_ERROR;
				CLANG_WARN_QUOTED_INCLUDE_IN_FRAMEWORK_HEADER = YES;
				CLANG_WARN_RANGE_LOOP_ANALYSIS = YES;
				CLANG_WARN_STRICT_PROTOTYPES = YES;
				CLANG_WARN_SUSPICIOUS_MOVE = YES;
				CLANG_WARN_UNGUARDED_AVAILABILITY = YES_AGGRESSIVE;
				CLANG_WARN_UNREACHABLE_CODE = YES;
				CLANG_WARN__DUPLICATE_METHOD_MATCH = YES;
				COPY_PHASE_STRIP = NO;
				DEBUG_INFORMATION_FORMAT = "dwarf-with-dsym";
				ENABLE_NS_ASSERTIONS = NO;
				ENABLE_STRICT_OBJC_MSGSEND = YES;
				GCC_C_LANGUAGE_STANDARD = gnu11;
				GCC_NO_COMMON_BLOCKS = YES;
				GCC_WARN_64_TO_32_BIT_CONVERSION = YES;
				GCC_WARN_ABOUT_RETURN_TYPE = YES_ERROR;
				GCC_WARN_UNDECLARED_SELECTOR = YES;
				GCC_WARN_UNINITIALIZED_AUTOS = YES_AGGRESSIVE;
				GCC_WARN_UNUSED_FUNCTION = YES;
				GCC_WARN_UNUSED_VARIABLE = YES;
				IPHONEOS_DEPLOYMENT_TARGET = 15.5;
				MTL_ENABLE_DEBUG_INFO = NO;
				MTL_FAST_MATH = YES;
				SDKROOT = iphoneos;
				SWIFT_COMPILATION_MODE = wholemodule;
				SWIFT_OPTIMIZATION_LEVEL = "-O";
				VALIDATE_PRODUCT = YES;
			};
			name = Release;
		};
		DFE59C09293BDAA4007E5627 /* Debug */ = {
			isa = XCBuildConfiguration;
			buildSettings = {
				ASSETCATALOG_COMPILER_APPICON_NAME = AppIcon;
				ASSETCATALOG_COMPILER_GLOBAL_ACCENT_COLOR_NAME = AccentColor;
				CODE_SIGN_STYLE = Automatic;
				CURRENT_PROJECT_VERSION = 1;
				DEVELOPMENT_TEAM = Q4R8DJA6D6;
				GENERATE_INFOPLIST_FILE = YES;
				INFOPLIST_FILE = Guidomia/Info.plist;
				INFOPLIST_KEY_UIApplicationSupportsIndirectInputEvents = YES;
				INFOPLIST_KEY_UILaunchStoryboardName = LaunchScreen;
				INFOPLIST_KEY_UISupportedInterfaceOrientations_iPad = "UIInterfaceOrientationPortrait UIInterfaceOrientationPortraitUpsideDown UIInterfaceOrientationLandscapeLeft UIInterfaceOrientationLandscapeRight";
				INFOPLIST_KEY_UISupportedInterfaceOrientations_iPhone = "UIInterfaceOrientationPortrait UIInterfaceOrientationLandscapeLeft UIInterfaceOrientationLandscapeRight";
				LD_RUNPATH_SEARCH_PATHS = (
					"$(inherited)",
					"@executable_path/Frameworks",
				);
				MARKETING_VERSION = 1.0;
				PRODUCT_BUNDLE_IDENTIFIER = com.vishruti..Guidomia;
				PRODUCT_NAME = "$(TARGET_NAME)";
				SWIFT_EMIT_LOC_STRINGS = YES;
				SWIFT_VERSION = 5.0;
				TARGETED_DEVICE_FAMILY = "1,2";
			};
			name = Debug;
		};
		DFE59C0A293BDAA4007E5627 /* Release */ = {
			isa = XCBuildConfiguration;
			buildSettings = {
				ASSETCATALOG_COMPILER_APPICON_NAME = AppIcon;
				ASSETCATALOG_COMPILER_GLOBAL_ACCENT_COLOR_NAME = AccentColor;
				CODE_SIGN_STYLE = Automatic;
				CURRENT_PROJECT_VERSION = 1;
				DEVELOPMENT_TEAM = Q4R8DJA6D6;
				GENERATE_INFOPLIST_FILE = YES;
				INFOPLIST_FILE = Guidomia/Info.plist;
				INFOPLIST_KEY_UIApplicationSupportsIndirectInputEvents = YES;
				INFOPLIST_KEY_UILaunchStoryboardName = LaunchScreen;
				INFOPLIST_KEY_UISupportedInterfaceOrientations_iPad = "UIInterfaceOrientationPortrait UIInterfaceOrientationPortraitUpsideDown UIInterfaceOrientationLandscapeLeft UIInterfaceOrientationLandscapeRight";
				INFOPLIST_KEY_UISupportedInterfaceOrientations_iPhone = "UIInterfaceOrientationPortrait UIInterfaceOrientationLandscapeLeft UIInterfaceOrientationLandscapeRight";
				LD_RUNPATH_SEARCH_PATHS = (
					"$(inherited)",
					"@executable_path/Frameworks",
				);
				MARKETING_VERSION = 1.0;
				PRODUCT_BUNDLE_IDENTIFIER = com.vishruti..Guidomia;
				PRODUCT_NAME = "$(TARGET_NAME)";
				SWIFT_EMIT_LOC_STRINGS = YES;
				SWIFT_VERSION = 5.0;
				TARGETED_DEVICE_FAMILY = "1,2";
			};
			name = Release;
		};
		DFE59C0C293BDAA4007E5627 /* Debug */ = {
			isa = XCBuildConfiguration;
			buildSettings = {
				ALWAYS_EMBED_SWIFT_STANDARD_LIBRARIES = YES;
				BUNDLE_LOADER = "$(TEST_HOST)";
				CODE_SIGN_STYLE = Automatic;
				CURRENT_PROJECT_VERSION = 1;
				DEVELOPMENT_TEAM = Q4R8DJA6D6;
				GENERATE_INFOPLIST_FILE = YES;
				IPHONEOS_DEPLOYMENT_TARGET = 15.5;
				MARKETING_VERSION = 1.0;
				PRODUCT_BUNDLE_IDENTIFIER = com.vishruti..GuidomiaTests;
				PRODUCT_NAME = "$(TARGET_NAME)";
				SWIFT_EMIT_LOC_STRINGS = NO;
				SWIFT_VERSION = 5.0;
				TARGETED_DEVICE_FAMILY = "1,2";
				TEST_HOST = "$(BUILT_PRODUCTS_DIR)/Guidomia.app/Guidomia";
			};
			name = Debug;
		};
		DFE59C0D293BDAA4007E5627 /* Release */ = {
			isa = XCBuildConfiguration;
			buildSettings = {
				ALWAYS_EMBED_SWIFT_STANDARD_LIBRARIES = YES;
				BUNDLE_LOADER = "$(TEST_HOST)";
				CODE_SIGN_STYLE = Automatic;
				CURRENT_PROJECT_VERSION = 1;
				DEVELOPMENT_TEAM = Q4R8DJA6D6;
				GENERATE_INFOPLIST_FILE = YES;
				IPHONEOS_DEPLOYMENT_TARGET = 15.5;
				MARKETING_VERSION = 1.0;
				PRODUCT_BUNDLE_IDENTIFIER = com.vishruti..GuidomiaTests;
				PRODUCT_NAME = "$(TARGET_NAME)";
				SWIFT_EMIT_LOC_STRINGS = NO;
				SWIFT_VERSION = 5.0;
				TARGETED_DEVICE_FAMILY = "1,2";
				TEST_HOST = "$(BUILT_PRODUCTS_DIR)/Guidomia.app/Guidomia";
			};
			name = Release;
		};
		DFE59C0F293BDAA4007E5627 /* Debug */ = {
			isa = XCBuildConfiguration;
			buildSettings = {
				ALWAYS_EMBED_SWIFT_STANDARD_LIBRARIES = YES;
				CODE_SIGN_STYLE = Automatic;
				CURRENT_PROJECT_VERSION = 1;
				DEVELOPMENT_TEAM = Q4R8DJA6D6;
				GENERATE_INFOPLIST_FILE = YES;
				MARKETING_VERSION = 1.0;
				PRODUCT_BUNDLE_IDENTIFIER = com.vishruti..GuidomiaUITests;
				PRODUCT_NAME = "$(TARGET_NAME)";
				SWIFT_EMIT_LOC_STRINGS = NO;
				SWIFT_VERSION = 5.0;
				TARGETED_DEVICE_FAMILY = "1,2";
				TEST_TARGET_NAME = Guidomia;
			};
			name = Debug;
		};
		DFE59C10293BDAA4007E5627 /* Release */ = {
			isa = XCBuildConfiguration;
			buildSettings = {
				ALWAYS_EMBED_SWIFT_STANDARD_LIBRARIES = YES;
				CODE_SIGN_STYLE = Automatic;
				CURRENT_PROJECT_VERSION = 1;
				DEVELOPMENT_TEAM = Q4R8DJA6D6;
				GENERATE_INFOPLIST_FILE = YES;
				MARKETING_VERSION = 1.0;
				PRODUCT_BUNDLE_IDENTIFIER = com.vishruti..GuidomiaUITests;
				PRODUCT_NAME = "$(TARGET_NAME)";
				SWIFT_EMIT_LOC_STRINGS = NO;
				SWIFT_VERSION = 5.0;
				TARGETED_DEVICE_FAMILY = "1,2";
				TEST_TARGET_NAME = Guidomia;
			};
			name = Release;
		};
/* End XCBuildConfiguration section */

/* Begin XCConfigurationList section */
		DFE59BD9293BDAA2007E5627 /* Build configuration list for PBXProject "Guidomia" */ = {
			isa = XCConfigurationList;
			buildConfigurations = (
				DFE59C06293BDAA4007E5627 /* Debug */,
				DFE59C07293BDAA4007E5627 /* Release */,
			);
			defaultConfigurationIsVisible = 0;
			defaultConfigurationName = Release;
		};
		DFE59C08293BDAA4007E5627 /* Build configuration list for PBXNativeTarget "Guidomia" */ = {
			isa = XCConfigurationList;
			buildConfigurations = (
				DFE59C09293BDAA4007E5627 /* Debug */,
				DFE59C0A293BDAA4007E5627 /* Release */,
			);
			defaultConfigurationIsVisible = 0;
			defaultConfigurationName = Release;
		};
		DFE59C0B293BDAA4007E5627 /* Build configuration list for PBXNativeTarget "GuidomiaTests" */ = {
			isa = XCConfigurationList;
			buildConfigurations = (
				DFE59C0C293BDAA4007E5627 /* Debug */,
				DFE59C0D293BDAA4007E5627 /* Release */,
			);
			defaultConfigurationIsVisible = 0;
			defaultConfigurationName = Release;
		};
		DFE59C0E293BDAA4007E5627 /* Build configuration list for PBXNativeTarget "GuidomiaUITests" */ = {
			isa = XCConfigurationList;
			buildConfigurations = (
				DFE59C0F293BDAA4007E5627 /* Debug */,
				DFE59C10293BDAA4007E5627 /* Release */,
			);
			defaultConfigurationIsVisible = 0;
			defaultConfigurationName = Release;
		};
/* End XCConfigurationList section */
	};
	rootObject = DFE59BD6293BDAA2007E5627 /* Project object */;
}
